
Microsoft Visual Studio Solution File, Format Version 12.00
# Visual Studio Version 17
VisualStudioVersion = 17.9.34728.123
MinimumVisualStudioVersion = 10.0.40219.1
Project("{FAE04EC0-301F-11D3-BF4B-00C04F79EFBC}") = "DaireCizme", "DaireCizme\DaireCizme.csproj", "{3A926AD6-B6F8-4EFB-B64B-E850375CB57D}"
EndProject
Global
	GlobalSection(SolutionConfigurationPlatforms) = preSolution
		Debug|Any CPU = Debug|Any CPU
		Release|Any CPU = Release|Any CPU
	EndGlobalSection
	GlobalSection(ProjectConfigurationPlatforms) = postSolution
		{3A926AD6-B6F8-4EFB-B64B-E850375CB57D}.Debug|Any CPU.ActiveCfg = Debug|Any CPU
		{3A926AD6-B6F8-4EFB-B64B-E850375CB57D}.Debug|Any CPU.Build.0 = Debug|Any CPU
		{3A926AD6-B6F8-4EFB-B64B-E850375CB57D}.Release|Any CPU.ActiveCfg = Release|Any CPU
		{3A926AD6-B6F8-4EFB-B64B-E850375CB57D}.Release|Any CPU.Build.0 = Release|Any CPU
	EndGlobalSection
	GlobalSection(SolutionProperties) = preSolution
		HideSolutionNode = FALSE
	EndGlobalSection
	GlobalSection(ExtensibilityGlobals) = postSolution
		SolutionGuid = {75A37F43-5C51-448F-A82B-BDAF09299C72}
	EndGlobalSection
EndGlobal
