
Microsoft Visual Studio Solution File, Format Version 12.00
# Visual Studio Version 17
VisualStudioVersion = 17.9.34728.123
MinimumVisualStudioVersion = 10.0.40219.1
Project("{FAE04EC0-301F-11D3-BF4B-00C04F79EFBC}") = "AlanHesaplama", "AlanHesaplama\AlanHesaplama.csproj", "{71B7F7DE-8854-4AF1-A6F5-3605547D2E96}"
EndProject
Global
	GlobalSection(SolutionConfigurationPlatforms) = preSolution
		Debug|Any CPU = Debug|Any CPU
		Release|Any CPU = Release|Any CPU
	EndGlobalSection
	GlobalSection(ProjectConfigurationPlatforms) = postSolution
		{71B7F7DE-8854-4AF1-A6F5-3605547D2E96}.Debug|Any CPU.ActiveCfg = Debug|Any CPU
		{71B7F7DE-8854-4AF1-A6F5-3605547D2E96}.Debug|Any CPU.Build.0 = Debug|Any CPU
		{71B7F7DE-8854-4AF1-A6F5-3605547D2E96}.Release|Any CPU.ActiveCfg = Release|Any CPU
		{71B7F7DE-8854-4AF1-A6F5-3605547D2E96}.Release|Any CPU.Build.0 = Release|Any CPU
	EndGlobalSection
	GlobalSection(SolutionProperties) = preSolution
		HideSolutionNode = FALSE
	EndGlobalSection
	GlobalSection(ExtensibilityGlobals) = postSolution
		SolutionGuid = {7BE528C1-E794-46E7-9213-EBED6F8498D1}
	EndGlobalSection
EndGlobal
