
Microsoft Visual Studio Solution File, Format Version 12.00
# Visual Studio Version 17
VisualStudioVersion = 17.9.34728.123
MinimumVisualStudioVersion = 10.0.40219.1
Project("{FAE04EC0-301F-11D3-BF4B-00C04F79EFBC}") = "AtmUygulamasi", "AtmUygulamasi\AtmUygulamasi.csproj", "{EFC9689A-85F3-42B9-AF7D-AF3F77D053F0}"
EndProject
Global
	GlobalSection(SolutionConfigurationPlatforms) = preSolution
		Debug|Any CPU = Debug|Any CPU
		Release|Any CPU = Release|Any CPU
	EndGlobalSection
	GlobalSection(ProjectConfigurationPlatforms) = postSolution
		{EFC9689A-85F3-42B9-AF7D-AF3F77D053F0}.Debug|Any CPU.ActiveCfg = Debug|Any CPU
		{EFC9689A-85F3-42B9-AF7D-AF3F77D053F0}.Debug|Any CPU.Build.0 = Debug|Any CPU
		{EFC9689A-85F3-42B9-AF7D-AF3F77D053F0}.Release|Any CPU.ActiveCfg = Release|Any CPU
		{EFC9689A-85F3-42B9-AF7D-AF3F77D053F0}.Release|Any CPU.Build.0 = Release|Any CPU
	EndGlobalSection
	GlobalSection(SolutionProperties) = preSolution
		HideSolutionNode = FALSE
	EndGlobalSection
	GlobalSection(ExtensibilityGlobals) = postSolution
		SolutionGuid = {E1109760-7592-43B8-891F-AFF0B9205DDE}
	EndGlobalSection
EndGlobal
